
Microsoft Visual Studio Solution File, Format Version 12.00
# Visual Studio Version 17
VisualStudioVersion = 17.1.32319.34
MinimumVisualStudioVersion = 10.0.40219.1
Project("{FAE04EC0-301F-11D3-BF4B-00C04F79EFBC}") = "KolPowt", "KolPowt.csproj", "{3388A110-46B3-4ED3-B823-68CD2F17FE4D}"
EndProject
Global
	GlobalSection(SolutionConfigurationPlatforms) = preSolution
		Debug|Any CPU = Debug|Any CPU
		Release|Any CPU = Release|Any CPU
	EndGlobalSection
	GlobalSection(ProjectConfigurationPlatforms) = postSolution
		{3388A110-46B3-4ED3-B823-68CD2F17FE4D}.Debug|Any CPU.ActiveCfg = Debug|Any CPU
		{3388A110-46B3-4ED3-B823-68CD2F17FE4D}.Debug|Any CPU.Build.0 = Debug|Any CPU
		{3388A110-46B3-4ED3-B823-68CD2F17FE4D}.Release|Any CPU.ActiveCfg = Release|Any CPU
		{3388A110-46B3-4ED3-B823-68CD2F17FE4D}.Release|Any CPU.Build.0 = Release|Any CPU
	EndGlobalSection
	GlobalSection(SolutionProperties) = preSolution
		HideSolutionNode = FALSE
	EndGlobalSection
	GlobalSection(ExtensibilityGlobals) = postSolution
		SolutionGuid = {F8D53FA6-730D-4047-9105-D8F68A1D3593}
	EndGlobalSection
EndGlobal
